
Microsoft Visual Studio Solution File, Format Version 12.00
# Visual Studio 15
VisualStudioVersion = 15.0.28307.1500
MinimumVisualStudioVersion = 10.0.40219.1
Project("{9A19103F-16F7-4668-BE54-9A1E7A4F7556}") = "HotelWebApi", "HotelWebApi\HotelWebApi.csproj", "{75D1F138-DDEF-47FE-982F-5FECFBA27D97}"
EndProject
Project("{FAE04EC0-301F-11D3-BF4B-00C04F79EFBC}") = "Hotel.Entities", "Hotel.Entities\Hotel.Entities.csproj", "{781B37D4-7979-422C-B908-648F20597C05}"
EndProject
Global
	GlobalSection(SolutionConfigurationPlatforms) = preSolution
		Debug|Any CPU = Debug|Any CPU
		Release|Any CPU = Release|Any CPU
	EndGlobalSection
	GlobalSection(ProjectConfigurationPlatforms) = postSolution
		{75D1F138-DDEF-47FE-982F-5FECFBA27D97}.Debug|Any CPU.ActiveCfg = Debug|Any CPU
		{75D1F138-DDEF-47FE-982F-5FECFBA27D97}.Debug|Any CPU.Build.0 = Debug|Any CPU
		{75D1F138-DDEF-47FE-982F-5FECFBA27D97}.Release|Any CPU.ActiveCfg = Release|Any CPU
		{75D1F138-DDEF-47FE-982F-5FECFBA27D97}.Release|Any CPU.Build.0 = Release|Any CPU
		{781B37D4-7979-422C-B908-648F20597C05}.Debug|Any CPU.ActiveCfg = Debug|Any CPU
		{781B37D4-7979-422C-B908-648F20597C05}.Debug|Any CPU.Build.0 = Debug|Any CPU
		{781B37D4-7979-422C-B908-648F20597C05}.Release|Any CPU.ActiveCfg = Release|Any CPU
		{781B37D4-7979-422C-B908-648F20597C05}.Release|Any CPU.Build.0 = Release|Any CPU
	EndGlobalSection
	GlobalSection(SolutionProperties) = preSolution
		HideSolutionNode = FALSE
	EndGlobalSection
	GlobalSection(ExtensibilityGlobals) = postSolution
		SolutionGuid = {41F794B6-7952-4DF4-8993-65988831E67F}
	EndGlobalSection
EndGlobal
